
Microsoft Visual Studio Solution File, Format Version 12.00
# Visual Studio 15
VisualStudioVersion = 15.0.28307.168
MinimumVisualStudioVersion = 10.0.40219.1
Project("{FAE04EC0-301F-11D3-BF4B-00C04F79EFBC}") = "GIgnore", "GIgnore\GIgnore.csproj", "{A58FE4DF-1EBE-4A6F-9654-8D0B312D0FCD}"
EndProject
Global
	GlobalSection(SolutionConfigurationPlatforms) = preSolution
		Debug|Any CPU = Debug|Any CPU
		Release|Any CPU = Release|Any CPU
	EndGlobalSection
	GlobalSection(ProjectConfigurationPlatforms) = postSolution
		{A58FE4DF-1EBE-4A6F-9654-8D0B312D0FCD}.Debug|Any CPU.ActiveCfg = Debug|Any CPU
		{A58FE4DF-1EBE-4A6F-9654-8D0B312D0FCD}.Debug|Any CPU.Build.0 = Debug|Any CPU
		{A58FE4DF-1EBE-4A6F-9654-8D0B312D0FCD}.Release|Any CPU.ActiveCfg = Release|Any CPU
		{A58FE4DF-1EBE-4A6F-9654-8D0B312D0FCD}.Release|Any CPU.Build.0 = Release|Any CPU
	EndGlobalSection
	GlobalSection(SolutionProperties) = preSolution
		HideSolutionNode = FALSE
	EndGlobalSection
	GlobalSection(ExtensibilityGlobals) = postSolution
		SolutionGuid = {A5BA155D-B970-419A-AEE3-18CA521DFBED}
	EndGlobalSection
EndGlobal
